
Microsoft Visual Studio Solution File, Format Version 12.00
# Visual Studio 14
VisualStudioVersion = 14.0.24720.0
MinimumVisualStudioVersion = 10.0.40219.1
Project("{FAE04EC0-301F-11D3-BF4B-00C04F79EFBC}") = "Mod2_Assessment", "Mod2_Assessment\Mod2_Assessment.csproj", "{A7C3C5F8-6CEC-4D63-887E-1C18D8AF0690}"
EndProject
Global
	GlobalSection(SolutionConfigurationPlatforms) = preSolution
		Debug|Any CPU = Debug|Any CPU
		Release|Any CPU = Release|Any CPU
	EndGlobalSection
	GlobalSection(ProjectConfigurationPlatforms) = postSolution
		{A7C3C5F8-6CEC-4D63-887E-1C18D8AF0690}.Debug|Any CPU.ActiveCfg = Debug|Any CPU
		{A7C3C5F8-6CEC-4D63-887E-1C18D8AF0690}.Debug|Any CPU.Build.0 = Debug|Any CPU
		{A7C3C5F8-6CEC-4D63-887E-1C18D8AF0690}.Release|Any CPU.ActiveCfg = Release|Any CPU
		{A7C3C5F8-6CEC-4D63-887E-1C18D8AF0690}.Release|Any CPU.Build.0 = Release|Any CPU
	EndGlobalSection
	GlobalSection(SolutionProperties) = preSolution
		HideSolutionNode = FALSE
	EndGlobalSection
EndGlobal
